
Microsoft Visual Studio Solution File, Format Version 12.00
# Visual Studio Version 16
VisualStudioVersion = 16.0.32413.511
MinimumVisualStudioVersion = 10.0.40219.1
Project("{FAE04EC0-301F-11D3-BF4B-00C04F79EFBC}") = "ConsumindoApiRest-Refit", "ConsumindoApiRest-Refit\ConsumindoApiRest-Refit.csproj", "{D0B3CF79-22E8-467E-B682-37355208F2E7}"
EndProject
Global
	GlobalSection(SolutionConfigurationPlatforms) = preSolution
		Debug|Any CPU = Debug|Any CPU
		Release|Any CPU = Release|Any CPU
	EndGlobalSection
	GlobalSection(ProjectConfigurationPlatforms) = postSolution
		{D0B3CF79-22E8-467E-B682-37355208F2E7}.Debug|Any CPU.ActiveCfg = Debug|Any CPU
		{D0B3CF79-22E8-467E-B682-37355208F2E7}.Debug|Any CPU.Build.0 = Debug|Any CPU
		{D0B3CF79-22E8-467E-B682-37355208F2E7}.Release|Any CPU.ActiveCfg = Release|Any CPU
		{D0B3CF79-22E8-467E-B682-37355208F2E7}.Release|Any CPU.Build.0 = Release|Any CPU
	EndGlobalSection
	GlobalSection(SolutionProperties) = preSolution
		HideSolutionNode = FALSE
	EndGlobalSection
	GlobalSection(ExtensibilityGlobals) = postSolution
		SolutionGuid = {84DEB662-40A6-47BD-8C2E-14AB9ED1C5F6}
	EndGlobalSection
EndGlobal
